{
  "name": "pleer-web",
  "lockfileVersion": 2,
  "requires": true,
  "packages": {
    "": {
      "dependencies": {
        "hls.js": "^1.4.6"
      }
    },
    "node_modules/hls.js": {
      "version": "1.4.6",
      "resolved": "https://registry.npmjs.org/hls.js/-/hls.js-1.4.6.tgz",
      "integrity": "sha512-lGv9QfjfjfuGQfLa/28vDFlYWb9Myq5QuvM9qWp5DyElp8jTGMNodTdeAjOLzaA/fN4XHeG+HhTkRGzntwuDZw=="
    }
  },
  "dependencies": {
    "hls.js": {
      "version": "1.4.6",
      "resolved": "https://registry.npmjs.org/hls.js/-/hls.js-1.4.6.tgz",
      "integrity": "sha512-lGv9QfjfjfuGQfLa/28vDFlYWb9Myq5QuvM9qWp5DyElp8jTGMNodTdeAjOLzaA/fN4XHeG+HhTkRGzntwuDZw=="
    }
  }
}
